schema: '2.0'
stages:
  data_ingestion:
    cmd: python src/data_ingestion.py
    deps:
    - path: src/data_ingestion.py
      hash: md5
      md5: 4b8d4019a99ff97c15f1bbe55c72a533
      size: 3556
    params:
      params.yaml:
        data_ingestion.test_size: 0.25
    outs:
    - path: data/raw
      hash: md5
      md5: 04dd235295cb72c313e376c794dbd399.dir
      size: 484846
      nfiles: 2
  data_preprocessing:
    cmd: python src/data_preprocessing.py
    deps:
    - path: data/raw
      hash: md5
      md5: 04dd235295cb72c313e376c794dbd399.dir
      size: 484846
      nfiles: 2
    - path: src/data_preprocessing.py
      hash: md5
      md5: 7decf08c7580e39002d4ea0d808570bf
      size: 3869
    outs:
    - path: data/interim
      hash: md5
      md5: a93065f5a2727e5e7dd327b4604144d5.dir
      size: 261440
      nfiles: 2
  feature_engineering:
    cmd: python src/feature_engineering.py
    deps:
    - path: data/interim
      hash: md5
      md5: a93065f5a2727e5e7dd327b4604144d5.dir
      size: 261440
      nfiles: 2
    - path: src/feature_engineering.py
      hash: md5
      md5: 10a1eb1afe7d09e952aef6d89bc90841
      size: 3810
    params:
      params.yaml:
        feature_engineering.max_features: 500
    outs:
    - path: data/processed
      hash: md5
      md5: 02e67dea7d68a927f6f1fc9e32dd1ca5.dir
      size: 10958824
      nfiles: 2
  model_building:
    cmd: python src/model_building.py
    deps:
    - path: data/processed
      hash: md5
      md5: 02e67dea7d68a927f6f1fc9e32dd1ca5.dir
      size: 10958824
      nfiles: 2
    - path: src/model_building.py
      hash: md5
      md5: 67b1c8572726c6ba33915bad7a038ce3
      size: 4287
    params:
      params.yaml:
        model_building.n_estimators: 1000
        model_building.random_state: 2
    outs:
    - path: models/model.pkl
      hash: md5
      md5: 7758a86373ff9a3fd7b4da753ed791ee
      size: 68710322
  model_evaluation:
    cmd: python src/model_evaluation.py
    deps:
    - path: data/processed
      hash: md5
      md5: 02e67dea7d68a927f6f1fc9e32dd1ca5.dir
      size: 10958824
      nfiles: 2
    - path: models/model.pkl
      hash: md5
      md5: 7758a86373ff9a3fd7b4da753ed791ee
      size: 68710322
    - path: src/model_evaluation.py
      hash: md5
      md5: 90c7f06ae6d8c6f24359aef3a15ae9b2
      size: 4584
    outs:
    - path: reports/metrics.json
      hash: md5
      md5: 639367bed50697c5ee3e531bc78bb01a
      size: 130
